Microsoft Visual Studio Solution File, Format Version 12.00
# Visual Studio 2012
Project("{FAE04EC0-301F-11D3-BF4B-00C04F79EFBC}") = "Space Station Builder", "Space Station Builder.csproj", "{4C9FE93D-0EE4-4EBD-8052-835CB4E22FB9}"
EndProject
Global
	GlobalSection(SolutionConfigurationPlatforms) = preSolution
	Debug|Any CPU = Debug|Any CPU
	Release|Any CPU = Release|Any CPU
	Tools|Any CPU = Tools|Any CPU
	EndGlobalSection
	GlobalSection(ProjectConfigurationPlatforms) = postSolution
		{4C9FE93D-0EE4-4EBD-8052-835CB4E22FB9}.Debug|Any CPU.ActiveCfg = Debug|Any CPU
		{4C9FE93D-0EE4-4EBD-8052-835CB4E22FB9}.Debug|Any CPU.Build.0 = Debug|Any CPU
		{4C9FE93D-0EE4-4EBD-8052-835CB4E22FB9}.Release|Any CPU.ActiveCfg = Release|Any CPU
		{4C9FE93D-0EE4-4EBD-8052-835CB4E22FB9}.Release|Any CPU.Build.0 = Release|Any CPU
		{4C9FE93D-0EE4-4EBD-8052-835CB4E22FB9}.Tools|Any CPU.ActiveCfg = Tools|Any CPU
		{4C9FE93D-0EE4-4EBD-8052-835CB4E22FB9}.Tools|Any CPU.Build.0 = Tools|Any CPU
	EndGlobalSection
EndGlobal
